
Microsoft Visual Studio Solution File, Format Version 12.00
# Visual Studio 15
VisualStudioVersion = 15.0.28307.329
MinimumVisualStudioVersion = 10.0.40219.1
Project("{FAE04EC0-301F-11D3-BF4B-00C04F79EFBC}") = "DubChat.Android", "DubChat\DubChat.Android\DubChat.Android.csproj", "{213A125F-70FE-4B5A-9EC6-D1B0B161FA39}"
EndProject
Project("{FAE04EC0-301F-11D3-BF4B-00C04F79EFBC}") = "DubChat.iOS", "DubChat\DubChat.iOS\DubChat.iOS.csproj", "{485FCEE5-BB9E-4C0C-A317-DAFC7FEFED5B}"
EndProject
Project("{FAE04EC0-301F-11D3-BF4B-00C04F79EFBC}") = "DubChat.UWP", "DubChat\DubChat.UWP\DubChat.UWP.csproj", "{47644A61-F4A0-4FCF-8AD9-37C11E267A51}"
EndProject
Project("{9A19103F-16F7-4668-BE54-9A1E7A4F7556}") = "DubChat", "DubChat\DubChat\DubChat.csproj", "{7DE2DCC4-3069-4B2B-873D-91DE6EB3B713}"
EndProject
Project("{2150E333-8FDC-42A3-9474-1A3956D46DE8}") = "FrontEnd", "FrontEnd", "{5D993312-898D-4819-AC41-B944AAB1B2F6}"
EndProject
Project("{2150E333-8FDC-42A3-9474-1A3956D46DE8}") = "BackEnd", "BackEnd", "{F7442FA7-1D91-42E2-A7DA-F09F46E1DC60}"
EndProject
Project("{2150E333-8FDC-42A3-9474-1A3956D46DE8}") = "Mobile", "Mobile", "{3E582285-C70F-4750-8612-D8312482F023}"
EndProject
Project("{9A19103F-16F7-4668-BE54-9A1E7A4F7556}") = "ChatDubServer", "ChatDubServer\ChatDubServer.csproj", "{0D7187F4-DA84-4F3D-8BC8-6B7CB49E59CF}"
EndProject
Project("{2150E333-8FDC-42A3-9474-1A3956D46DE8}") = "Libraries", "Libraries", "{D7D477E8-09F5-4260-B291-6AC970CA4C4A}"
EndProject
Project("{FAE04EC0-301F-11D3-BF4B-00C04F79EFBC}") = "DubChatLibrary", "DubChatLibrary\DubChatLibrary.csproj", "{F623EE3E-7201-4196-AA96-4E5593B1A169}"
EndProject
Global
	GlobalSection(SolutionConfigurationPlatforms) = preSolution
		Ad-Hoc|Any CPU = Ad-Hoc|Any CPU
		Ad-Hoc|ARM = Ad-Hoc|ARM
		Ad-Hoc|iPhone = Ad-Hoc|iPhone
		Ad-Hoc|iPhoneSimulator = Ad-Hoc|iPhoneSimulator
		Ad-Hoc|x64 = Ad-Hoc|x64
		Ad-Hoc|x86 = Ad-Hoc|x86
		AppStore|Any CPU = AppStore|Any CPU
		AppStore|ARM = AppStore|ARM
		AppStore|iPhone = AppStore|iPhone
		AppStore|iPhoneSimulator = AppStore|iPhoneSimulator
		AppStore|x64 = AppStore|x64
		AppStore|x86 = AppStore|x86
		Debug|Any CPU = Debug|Any CPU
		Debug|ARM = Debug|ARM
		Debug|iPhone = Debug|iPhone
		Debug|iPhoneSimulator = Debug|iPhoneSimulator
		Debug|x64 = Debug|x64
		Debug|x86 = Debug|x86
		Release|Any CPU = Release|Any CPU
		Release|ARM = Release|ARM
		Release|iPhone = Release|iPhone
		Release|iPhoneSimulator = Release|iPhoneSimulator
		Release|x64 = Release|x64
		Release|x86 = Release|x86
	EndGlobalSection
	GlobalSection(ProjectConfigurationPlatforms) = postSolution
		{213A125F-70FE-4B5A-9EC6-D1B0B161FA39}.Ad-Hoc|Any CPU.ActiveCfg = Release|Any CPU
		{213A125F-70FE-4B5A-9EC6-D1B0B161FA39}.Ad-Hoc|Any CPU.Build.0 = Release|Any CPU
		{213A125F-70FE-4B5A-9EC6-D1B0B161FA39}.Ad-Hoc|Any CPU.Deploy.0 = Release|Any CPU
		{213A125F-70FE-4B5A-9EC6-D1B0B161FA39}.Ad-Hoc|ARM.ActiveCfg = Release|Any CPU
		{213A125F-70FE-4B5A-9EC6-D1B0B161FA39}.Ad-Hoc|ARM.Build.0 = Release|Any CPU
		{213A125F-70FE-4B5A-9EC6-D1B0B161FA39}.Ad-Hoc|ARM.Deploy.0 = Release|Any CPU
		{213A125F-70FE-4B5A-9EC6-D1B0B161FA39}.Ad-Hoc|iPhone.ActiveCfg = Release|Any CPU
		{213A125F-70FE-4B5A-9EC6-D1B0B161FA39}.Ad-Hoc|iPhone.Build.0 = Release|Any CPU
		{213A125F-70FE-4B5A-9EC6-D1B0B161FA39}.Ad-Hoc|iPhone.Deploy.0 = Release|Any CPU
		{213A125F-70FE-4B5A-9EC6-D1B0B161FA39}.Ad-Hoc|iPhoneSimulator.ActiveCfg = Release|Any CPU
		{213A125F-70FE-4B5A-9EC6-D1B0B161FA39}.Ad-Hoc|iPhoneSimulator.Build.0 = Release|Any CPU
		{213A125F-70FE-4B5A-9EC6-D1B0B161FA39}.Ad-Hoc|iPhoneSimulator.Deploy.0 = Release|Any CPU
		{213A125F-70FE-4B5A-9EC6-D1B0B161FA39}.Ad-Hoc|x64.ActiveCfg = Release|Any CPU
		{213A125F-70FE-4B5A-9EC6-D1B0B161FA39}.Ad-Hoc|x64.Build.0 = Release|Any CPU
		{213A125F-70FE-4B5A-9EC6-D1B0B161FA39}.Ad-Hoc|x64.Deploy.0 = Release|Any CPU
		{213A125F-70FE-4B5A-9EC6-D1B0B161FA39}.Ad-Hoc|x86.ActiveCfg = Release|Any CPU
		{213A125F-70FE-4B5A-9EC6-D1B0B161FA39}.Ad-Hoc|x86.Build.0 = Release|Any CPU
		{213A125F-70FE-4B5A-9EC6-D1B0B161FA39}.Ad-Hoc|x86.Deploy.0 = Release|Any CPU
		{213A125F-70FE-4B5A-9EC6-D1B0B161FA39}.AppStore|Any CPU.ActiveCfg = Release|Any CPU
		{213A125F-70FE-4B5A-9EC6-D1B0B161FA39}.AppStore|Any CPU.Build.0 = Release|Any CPU
		{213A125F-70FE-4B5A-9EC6-D1B0B161FA39}.AppStore|Any CPU.Deploy.0 = Release|Any CPU
		{213A125F-70FE-4B5A-9EC6-D1B0B161FA39}.AppStore|ARM.ActiveCfg = Release|Any CPU
		{213A125F-70FE-4B5A-9EC6-D1B0B161FA39}.AppStore|ARM.Build.0 = Release|Any CPU
		{213A125F-70FE-4B5A-9EC6-D1B0B161FA39}.AppStore|ARM.Deploy.0 = Release|Any CPU
		{213A125F-70FE-4B5A-9EC6-D1B0B161FA39}.AppStore|iPhone.ActiveCfg = Release|Any CPU
		{213A125F-70FE-4B5A-9EC6-D1B0B161FA39}.AppStore|iPhone.Build.0 = Release|Any CPU
		{213A125F-70FE-4B5A-9EC6-D1B0B161FA39}.AppStore|iPhone.Deploy.0 = Release|Any CPU
		{213A125F-70FE-4B5A-9EC6-D1B0B161FA39}.AppStore|iPhoneSimulator.ActiveCfg = Release|Any CPU
		{213A125F-70FE-4B5A-9EC6-D1B0B161FA39}.AppStore|iPhoneSimulator.Build.0 = Release|Any CPU
		{213A125F-70FE-4B5A-9EC6-D1B0B161FA39}.AppStore|iPhoneSimulator.Deploy.0 = Release|Any CPU
		{213A125F-70FE-4B5A-9EC6-D1B0B161FA39}.AppStore|x64.ActiveCfg = Release|Any CPU
		{213A125F-70FE-4B5A-9EC6-D1B0B161FA39}.AppStore|x64.Build.0 = Release|Any CPU
		{213A125F-70FE-4B5A-9EC6-D1B0B161FA39}.AppStore|x64.Deploy.0 = Release|Any CPU
		{213A125F-70FE-4B5A-9EC6-D1B0B161FA39}.AppStore|x86.ActiveCfg = Release|Any CPU
		{213A125F-70FE-4B5A-9EC6-D1B0B161FA39}.AppStore|x86.Build.0 = Release|Any CPU
		{213A125F-70FE-4B5A-9EC6-D1B0B161FA39}.AppStore|x86.Deploy.0 = Release|Any CPU
		{213A125F-70FE-4B5A-9EC6-D1B0B161FA39}.Debug|Any CPU.ActiveCfg = Debug|Any CPU
		{213A125F-70FE-4B5A-9EC6-D1B0B161FA39}.Debug|Any CPU.Build.0 = Debug|Any CPU
		{213A125F-70FE-4B5A-9EC6-D1B0B161FA39}.Debug|Any CPU.Deploy.0 = Debug|Any CPU
		{213A125F-70FE-4B5A-9EC6-D1B0B161FA39}.Debug|ARM.ActiveCfg = Debug|Any CPU
		{213A125F-70FE-4B5A-9EC6-D1B0B161FA39}.Debug|ARM.Build.0 = Debug|Any CPU
		{213A125F-70FE-4B5A-9EC6-D1B0B161FA39}.Debug|ARM.Deploy.0 = Debug|Any CPU
		{213A125F-70FE-4B5A-9EC6-D1B0B161FA39}.Debug|iPhone.ActiveCfg = Debug|Any CPU
		{213A125F-70FE-4B5A-9EC6-D1B0B161FA39}.Debug|iPhone.Build.0 = Debug|Any CPU
		{213A125F-70FE-4B5A-9EC6-D1B0B161FA39}.Debug|iPhone.Deploy.0 = Debug|Any CPU
		{213A125F-70FE-4B5A-9EC6-D1B0B161FA39}.Debug|iPhoneSimulator.ActiveCfg = Debug|Any CPU
		{213A125F-70FE-4B5A-9EC6-D1B0B161FA39}.Debug|iPhoneSimulator.Build.0 = Debug|Any CPU
		{213A125F-70FE-4B5A-9EC6-D1B0B161FA39}.Debug|iPhoneSimulator.Deploy.0 = Debug|Any CPU
		{213A125F-70FE-4B5A-9EC6-D1B0B161FA39}.Debug|x64.ActiveCfg = Debug|Any CPU
		{213A125F-70FE-4B5A-9EC6-D1B0B161FA39}.Debug|x64.Build.0 = Debug|Any CPU
		{213A125F-70FE-4B5A-9EC6-D1B0B161FA39}.Debug|x64.Deploy.0 = Debug|Any CPU
		{213A125F-70FE-4B5A-9EC6-D1B0B161FA39}.Debug|x86.ActiveCfg = Debug|Any CPU
		{213A125F-70FE-4B5A-9EC6-D1B0B161FA39}.Debug|x86.Build.0 = Debug|Any CPU
		{213A125F-70FE-4B5A-9EC6-D1B0B161FA39}.Debug|x86.Deploy.0 = Debug|Any CPU
		{213A125F-70FE-4B5A-9EC6-D1B0B161FA39}.Release|Any CPU.ActiveCfg = Release|Any CPU
		{213A125F-70FE-4B5A-9EC6-D1B0B161FA39}.Release|Any CPU.Build.0 = Release|Any CPU
		{213A125F-70FE-4B5A-9EC6-D1B0B161FA39}.Release|Any CPU.Deploy.0 = Release|Any CPU
		{213A125F-70FE-4B5A-9EC6-D1B0B161FA39}.Release|ARM.ActiveCfg = Release|Any CPU
		{213A125F-70FE-4B5A-9EC6-D1B0B161FA39}.Release|ARM.Build.0 = Release|Any CPU
		{213A125F-70FE-4B5A-9EC6-D1B0B161FA39}.Release|ARM.Deploy.0 = Release|Any CPU
		{213A125F-70FE-4B5A-9EC6-D1B0B161FA39}.Release|iPhone.ActiveCfg = Release|Any CPU
		{213A125F-70FE-4B5A-9EC6-D1B0B161FA39}.Release|iPhone.Build.0 = Release|Any CPU
		{213A125F-70FE-4B5A-9EC6-D1B0B161FA39}.Release|iPhone.Deploy.0 = Release|Any CPU
		{213A125F-70FE-4B5A-9EC6-D1B0B161FA39}.Release|iPhoneSimulator.ActiveCfg = Release|Any CPU
		{213A125F-70FE-4B5A-9EC6-D1B0B161FA39}.Release|iPhoneSimulator.Build.0 = Release|Any CPU
		{213A125F-70FE-4B5A-9EC6-D1B0B161FA39}.Release|iPhoneSimulator.Deploy.0 = Release|Any CPU
		{213A125F-70FE-4B5A-9EC6-D1B0B161FA39}.Release|x64.ActiveCfg = Release|Any CPU
		{213A125F-70FE-4B5A-9EC6-D1B0B161FA39}.Release|x64.Build.0 = Release|Any CPU
		{213A125F-70FE-4B5A-9EC6-D1B0B161FA39}.Release|x64.Deploy.0 = Release|Any CPU
		{213A125F-70FE-4B5A-9EC6-D1B0B161FA39}.Release|x86.ActiveCfg = Release|Any CPU
		{213A125F-70FE-4B5A-9EC6-D1B0B161FA39}.Release|x86.Build.0 = Release|Any CPU
		{213A125F-70FE-4B5A-9EC6-D1B0B161FA39}.Release|x86.Deploy.0 = Release|Any CPU
		{485FCEE5-BB9E-4C0C-A317-DAFC7FEFED5B}.Ad-Hoc|Any CPU.ActiveCfg = Ad-Hoc|iPhone
		{485FCEE5-BB9E-4C0C-A317-DAFC7FEFED5B}.Ad-Hoc|Any CPU.Build.0 = Ad-Hoc|iPhone
		{485FCEE5-BB9E-4C0C-A317-DAFC7FEFED5B}.Ad-Hoc|Any CPU.Deploy.0 = Ad-Hoc|iPhone
		{485FCEE5-BB9E-4C0C-A317-DAFC7FEFED5B}.Ad-Hoc|ARM.ActiveCfg = Ad-Hoc|iPhone
		{485FCEE5-BB9E-4C0C-A317-DAFC7FEFED5B}.Ad-Hoc|ARM.Build.0 = Ad-Hoc|iPhone
		{485FCEE5-BB9E-4C0C-A317-DAFC7FEFED5B}.Ad-Hoc|ARM.Deploy.0 = Ad-Hoc|iPhone
		{485FCEE5-BB9E-4C0C-A317-DAFC7FEFED5B}.Ad-Hoc|iPhone.ActiveCfg = Ad-Hoc|iPhone
		{485FCEE5-BB9E-4C0C-A317-DAFC7FEFED5B}.Ad-Hoc|iPhone.Build.0 = Ad-Hoc|iPhone
		{485FCEE5-BB9E-4C0C-A317-DAFC7FEFED5B}.Ad-Hoc|iPhone.Deploy.0 = Ad-Hoc|iPhone
		{485FCEE5-BB9E-4C0C-A317-DAFC7FEFED5B}.Ad-Hoc|iPhoneSimulator.ActiveCfg = Ad-Hoc|iPhoneSimulator
		{485FCEE5-BB9E-4C0C-A317-DAFC7FEFED5B}.Ad-Hoc|iPhoneSimulator.Build.0 = Ad-Hoc|iPhoneSimulator
		{485FCEE5-BB9E-4C0C-A317-DAFC7FEFED5B}.Ad-Hoc|iPhoneSimulator.Deploy.0 = Ad-Hoc|iPhoneSimulator
		{485FCEE5-BB9E-4C0C-A317-DAFC7FEFED5B}.Ad-Hoc|x64.ActiveCfg = Ad-Hoc|iPhone
		{485FCEE5-BB9E-4C0C-A317-DAFC7FEFED5B}.Ad-Hoc|x64.Build.0 = Ad-Hoc|iPhone
		{485FCEE5-BB9E-4C0C-A317-DAFC7FEFED5B}.Ad-Hoc|x64.Deploy.0 = Ad-Hoc|iPhone
		{485FCEE5-BB9E-4C0C-A317-DAFC7FEFED5B}.Ad-Hoc|x86.ActiveCfg = Ad-Hoc|iPhone
		{485FCEE5-BB9E-4C0C-A317-DAFC7FEFED5B}.Ad-Hoc|x86.Build.0 = Ad-Hoc|iPhone
		{485FCEE5-BB9E-4C0C-A317-DAFC7FEFED5B}.Ad-Hoc|x86.Deploy.0 = Ad-Hoc|iPhone
		{485FCEE5-BB9E-4C0C-A317-DAFC7FEFED5B}.AppStore|Any CPU.ActiveCfg = AppStore|iPhone
		{485FCEE5-BB9E-4C0C-A317-DAFC7FEFED5B}.AppStore|Any CPU.Build.0 = AppStore|iPhone
		{485FCEE5-BB9E-4C0C-A317-DAFC7FEFED5B}.AppStore|Any CPU.Deploy.0 = AppStore|iPhone
		{485FCEE5-BB9E-4C0C-A317-DAFC7FEFED5B}.AppStore|ARM.ActiveCfg = AppStore|iPhone
		{485FCEE5-BB9E-4C0C-A317-DAFC7FEFED5B}.AppStore|ARM.Build.0 = AppStore|iPhone
		{485FCEE5-BB9E-4C0C-A317-DAFC7FEFED5B}.AppStore|ARM.Deploy.0 = AppStore|iPhone
		{485FCEE5-BB9E-4C0C-A317-DAFC7FEFED5B}.AppStore|iPhone.ActiveCfg = AppStore|iPhone
		{485FCEE5-BB9E-4C0C-A317-DAFC7FEFED5B}.AppStore|iPhone.Build.0 = AppStore|iPhone
		{485FCEE5-BB9E-4C0C-A317-DAFC7FEFED5B}.AppStore|iPhone.Deploy.0 = AppStore|iPhone
		{485FCEE5-BB9E-4C0C-A317-DAFC7FEFED5B}.AppStore|iPhoneSimulator.ActiveCfg = AppStore|iPhoneSimulator
		{485FCEE5-BB9E-4C0C-A317-DAFC7FEFED5B}.AppStore|iPhoneSimulator.Build.0 = AppStore|iPhoneSimulator
		{485FCEE5-BB9E-4C0C-A317-DAFC7FEFED5B}.AppStore|iPhoneSimulator.Deploy.0 = AppStore|iPhoneSimulator
		{485FCEE5-BB9E-4C0C-A317-DAFC7FEFED5B}.AppStore|x64.ActiveCfg = AppStore|iPhone
		{485FCEE5-BB9E-4C0C-A317-DAFC7FEFED5B}.AppStore|x64.Build.0 = AppStore|iPhone
		{485FCEE5-BB9E-4C0C-A317-DAFC7FEFED5B}.AppStore|x64.Deploy.0 = AppStore|iPhone
		{485FCEE5-BB9E-4C0C-A317-DAFC7FEFED5B}.AppStore|x86.ActiveCfg = AppStore|iPhone
		{485FCEE5-BB9E-4C0C-A317-DAFC7FEFED5B}.AppStore|x86.Build.0 = AppStore|iPhone
		{485FCEE5-BB9E-4C0C-A317-DAFC7FEFED5B}.AppStore|x86.Deploy.0 = AppStore|iPhone
		{485FCEE5-BB9E-4C0C-A317-DAFC7FEFED5B}.Debug|Any CPU.ActiveCfg = Debug|iPhoneSimulator
		{485FCEE5-BB9E-4C0C-A317-DAFC7FEFED5B}.Debug|Any CPU.Build.0 = Debug|iPhoneSimulator
		{485FCEE5-BB9E-4C0C-A317-DAFC7FEFED5B}.Debug|Any CPU.Deploy.0 = Debug|iPhoneSimulator
		{485FCEE5-BB9E-4C0C-A317-DAFC7FEFED5B}.Debug|ARM.ActiveCfg = Debug|iPhone
		{485FCEE5-BB9E-4C0C-A317-DAFC7FEFED5B}.Debug|ARM.Build.0 = Debug|iPhone
		{485FCEE5-BB9E-4C0C-A317-DAFC7FEFED5B}.Debug|ARM.Deploy.0 = Debug|iPhone
		{485FCEE5-BB9E-4C0C-A317-DAFC7FEFED5B}.Debug|iPhone.ActiveCfg = Debug|iPhone
		{485FCEE5-BB9E-4C0C-A317-DAFC7FEFED5B}.Debug|iPhone.Build.0 = Debug|iPhone
		{485FCEE5-BB9E-4C0C-A317-DAFC7FEFED5B}.Debug|iPhone.Deploy.0 = Debug|iPhone
		{485FCEE5-BB9E-4C0C-A317-DAFC7FEFED5B}.Debug|iPhoneSimulator.ActiveCfg = Debug|iPhoneSimulator
		{485FCEE5-BB9E-4C0C-A317-DAFC7FEFED5B}.Debug|iPhoneSimulator.Build.0 = Debug|iPhoneSimulator
		{485FCEE5-BB9E-4C0C-A317-DAFC7FEFED5B}.Debug|iPhoneSimulator.Deploy.0 = Debug|iPhoneSimulator
		{485FCEE5-BB9E-4C0C-A317-DAFC7FEFED5B}.Debug|x64.ActiveCfg = Debug|iPhone
		{485FCEE5-BB9E-4C0C-A317-DAFC7FEFED5B}.Debug|x64.Build.0 = Debug|iPhone
		{485FCEE5-BB9E-4C0C-A317-DAFC7FEFED5B}.Debug|x64.Deploy.0 = Debug|iPhone
		{485FCEE5-BB9E-4C0C-A317-DAFC7FEFED5B}.Debug|x86.ActiveCfg = Debug|iPhone
		{485FCEE5-BB9E-4C0C-A317-DAFC7FEFED5B}.Debug|x86.Build.0 = Debug|iPhone
		{485FCEE5-BB9E-4C0C-A317-DAFC7FEFED5B}.Debug|x86.Deploy.0 = Debug|iPhone
		{485FCEE5-BB9E-4C0C-A317-DAFC7FEFED5B}.Release|Any CPU.ActiveCfg = Release|iPhone
		{485FCEE5-BB9E-4C0C-A317-DAFC7FEFED5B}.Release|Any CPU.Build.0 = Release|iPhone
		{485FCEE5-BB9E-4C0C-A317-DAFC7FEFED5B}.Release|Any CPU.Deploy.0 = Release|iPhone
		{485FCEE5-BB9E-4C0C-A317-DAFC7FEFED5B}.Release|ARM.ActiveCfg = Release|iPhone
		{485FCEE5-BB9E-4C0C-A317-DAFC7FEFED5B}.Release|ARM.Build.0 = Release|iPhone
		{485FCEE5-BB9E-4C0C-A317-DAFC7FEFED5B}.Release|ARM.Deploy.0 = Release|iPhone
		{485FCEE5-BB9E-4C0C-A317-DAFC7FEFED5B}.Release|iPhone.ActiveCfg = Release|iPhone
		{485FCEE5-BB9E-4C0C-A317-DAFC7FEFED5B}.Release|iPhone.Build.0 = Release|iPhone
		{485FCEE5-BB9E-4C0C-A317-DAFC7FEFED5B}.Release|iPhone.Deploy.0 = Release|iPhone
		{485FCEE5-BB9E-4C0C-A317-DAFC7FEFED5B}.Release|iPhoneSimulator.ActiveCfg = Release|iPhoneSimulator
		{485FCEE5-BB9E-4C0C-A317-DAFC7FEFED5B}.Release|iPhoneSimulator.Build.0 = Release|iPhoneSimulator
		{485FCEE5-BB9E-4C0C-A317-DAFC7FEFED5B}.Release|iPhoneSimulator.Deploy.0 = Release|iPhoneSimulator
		{485FCEE5-BB9E-4C0C-A317-DAFC7FEFED5B}.Release|x64.ActiveCfg = Release|iPhone
		{485FCEE5-BB9E-4C0C-A317-DAFC7FEFED5B}.Release|x64.Build.0 = Release|iPhone
		{485FCEE5-BB9E-4C0C-A317-DAFC7FEFED5B}.Release|x64.Deploy.0 = Release|iPhone
		{485FCEE5-BB9E-4C0C-A317-DAFC7FEFED5B}.Release|x86.ActiveCfg = Release|iPhone
		{485FCEE5-BB9E-4C0C-A317-DAFC7FEFED5B}.Release|x86.Build.0 = Release|iPhone
		{485FCEE5-BB9E-4C0C-A317-DAFC7FEFED5B}.Release|x86.Deploy.0 = Release|iPhone
		{47644A61-F4A0-4FCF-8AD9-37C11E267A51}.Ad-Hoc|Any CPU.ActiveCfg = Release|x86
		{47644A61-F4A0-4FCF-8AD9-37C11E267A51}.Ad-Hoc|Any CPU.Build.0 = Release|x86
		{47644A61-F4A0-4FCF-8AD9-37C11E267A51}.Ad-Hoc|Any CPU.Deploy.0 = Release|x86
		{47644A61-F4A0-4FCF-8AD9-37C11E267A51}.Ad-Hoc|ARM.ActiveCfg = Release|ARM
		{47644A61-F4A0-4FCF-8AD9-37C11E267A51}.Ad-Hoc|ARM.Build.0 = Release|ARM
		{47644A61-F4A0-4FCF-8AD9-37C11E267A51}.Ad-Hoc|ARM.Deploy.0 = Release|ARM
		{47644A61-F4A0-4FCF-8AD9-37C11E267A51}.Ad-Hoc|iPhone.ActiveCfg = Release|x86
		{47644A61-F4A0-4FCF-8AD9-37C11E267A51}.Ad-Hoc|iPhone.Build.0 = Release|x86
		{47644A61-F4A0-4FCF-8AD9-37C11E267A51}.Ad-Hoc|iPhone.Deploy.0 = Release|x86
		{47644A61-F4A0-4FCF-8AD9-37C11E267A51}.Ad-Hoc|iPhoneSimulator.ActiveCfg = Release|x86
		{47644A61-F4A0-4FCF-8AD9-37C11E267A51}.Ad-Hoc|iPhoneSimulator.Build.0 = Release|x86
		{47644A61-F4A0-4FCF-8AD9-37C11E267A51}.Ad-Hoc|iPhoneSimulator.Deploy.0 = Release|x86
		{47644A61-F4A0-4FCF-8AD9-37C11E267A51}.Ad-Hoc|x64.ActiveCfg = Release|x64
		{47644A61-F4A0-4FCF-8AD9-37C11E267A51}.Ad-Hoc|x64.Build.0 = Release|x64
		{47644A61-F4A0-4FCF-8AD9-37C11E267A51}.Ad-Hoc|x64.Deploy.0 = Release|x64
		{47644A61-F4A0-4FCF-8AD9-37C11E267A51}.Ad-Hoc|x86.ActiveCfg = Release|x86
		{47644A61-F4A0-4FCF-8AD9-37C11E267A51}.Ad-Hoc|x86.Build.0 = Release|x86
		{47644A61-F4A0-4FCF-8AD9-37C11E267A51}.Ad-Hoc|x86.Deploy.0 = Release|x86
		{47644A61-F4A0-4FCF-8AD9-37C11E267A51}.AppStore|Any CPU.ActiveCfg = Release|x86
		{47644A61-F4A0-4FCF-8AD9-37C11E267A51}.AppStore|Any CPU.Build.0 = Release|x86
		{47644A61-F4A0-4FCF-8AD9-37C11E267A51}.AppStore|Any CPU.Deploy.0 = Release|x86
		{47644A61-F4A0-4FCF-8AD9-37C11E267A51}.AppStore|ARM.ActiveCfg = Release|ARM
		{47644A61-F4A0-4FCF-8AD9-37C11E267A51}.AppStore|ARM.Build.0 = Release|ARM
		{47644A61-F4A0-4FCF-8AD9-37C11E267A51}.AppStore|ARM.Deploy.0 = Release|ARM
		{47644A61-F4A0-4FCF-8AD9-37C11E267A51}.AppStore|iPhone.ActiveCfg = Release|x86
		{47644A61-F4A0-4FCF-8AD9-37C11E267A51}.AppStore|iPhone.Build.0 = Release|x86
		{47644A61-F4A0-4FCF-8AD9-37C11E267A51}.AppStore|iPhone.Deploy.0 = Release|x86
		{47644A61-F4A0-4FCF-8AD9-37C11E267A51}.AppStore|iPhoneSimulator.ActiveCfg = Release|x86
		{47644A61-F4A0-4FCF-8AD9-37C11E267A51}.AppStore|iPhoneSimulator.Build.0 = Release|x86
		{47644A61-F4A0-4FCF-8AD9-37C11E267A51}.AppStore|iPhoneSimulator.Deploy.0 = Release|x86
		{47644A61-F4A0-4FCF-8AD9-37C11E267A51}.AppStore|x64.ActiveCfg = Release|x64
		{47644A61-F4A0-4FCF-8AD9-37C11E267A51}.AppStore|x64.Build.0 = Release|x64
		{47644A61-F4A0-4FCF-8AD9-37C11E267A51}.AppStore|x64.Deploy.0 = Release|x64
		{47644A61-F4A0-4FCF-8AD9-37C11E267A51}.AppStore|x86.ActiveCfg = Release|x86
		{47644A61-F4A0-4FCF-8AD9-37C11E267A51}.AppStore|x86.Build.0 = Release|x86
		{47644A61-F4A0-4FCF-8AD9-37C11E267A51}.AppStore|x86.Deploy.0 = Release|x86
		{47644A61-F4A0-4FCF-8AD9-37C11E267A51}.Debug|Any CPU.ActiveCfg = Debug|x86
		{47644A61-F4A0-4FCF-8AD9-37C11E267A51}.Debug|Any CPU.Build.0 = Debug|x86
		{47644A61-F4A0-4FCF-8AD9-37C11E267A51}.Debug|Any CPU.Deploy.0 = Debug|x86
		{47644A61-F4A0-4FCF-8AD9-37C11E267A51}.Debug|ARM.ActiveCfg = Debug|ARM
		{47644A61-F4A0-4FCF-8AD9-37C11E267A51}.Debug|ARM.Build.0 = Debug|ARM
		{47644A61-F4A0-4FCF-8AD9-37C11E267A51}.Debug|ARM.Deploy.0 = Debug|ARM
		{47644A61-F4A0-4FCF-8AD9-37C11E267A51}.Debug|iPhone.ActiveCfg = Debug|x86
		{47644A61-F4A0-4FCF-8AD9-37C11E267A51}.Debug|iPhone.Build.0 = Debug|x86
		{47644A61-F4A0-4FCF-8AD9-37C11E267A51}.Debug|iPhone.Deploy.0 = Debug|x86
		{47644A61-F4A0-4FCF-8AD9-37C11E267A51}.Debug|iPhoneSimulator.ActiveCfg = Debug|x86
		{47644A61-F4A0-4FCF-8AD9-37C11E267A51}.Debug|iPhoneSimulator.Build.0 = Debug|x86
		{47644A61-F4A0-4FCF-8AD9-37C11E267A51}.Debug|iPhoneSimulator.Deploy.0 = Debug|x86
		{47644A61-F4A0-4FCF-8AD9-37C11E267A51}.Debug|x64.ActiveCfg = Debug|x64
		{47644A61-F4A0-4FCF-8AD9-37C11E267A51}.Debug|x64.Build.0 = Debug|x64
		{47644A61-F4A0-4FCF-8AD9-37C11E267A51}.Debug|x64.Deploy.0 = Debug|x64
		{47644A61-F4A0-4FCF-8AD9-37C11E267A51}.Debug|x86.ActiveCfg = Debug|x86
		{47644A61-F4A0-4FCF-8AD9-37C11E267A51}.Debug|x86.Build.0 = Debug|x86
		{47644A61-F4A0-4FCF-8AD9-37C11E267A51}.Debug|x86.Deploy.0 = Debug|x86
		{47644A61-F4A0-4FCF-8AD9-37C11E267A51}.Release|Any CPU.ActiveCfg = Release|x86
		{47644A61-F4A0-4FCF-8AD9-37C11E267A51}.Release|Any CPU.Build.0 = Release|x86
		{47644A61-F4A0-4FCF-8AD9-37C11E267A51}.Release|Any CPU.Deploy.0 = Release|x86
		{47644A61-F4A0-4FCF-8AD9-37C11E267A51}.Release|ARM.ActiveCfg = Release|ARM
		{47644A61-F4A0-4FCF-8AD9-37C11E267A51}.Release|ARM.Build.0 = Release|ARM
		{47644A61-F4A0-4FCF-8AD9-37C11E267A51}.Release|ARM.Deploy.0 = Release|ARM
		{47644A61-F4A0-4FCF-8AD9-37C11E267A51}.Release|iPhone.ActiveCfg = Release|x86
		{47644A61-F4A0-4FCF-8AD9-37C11E267A51}.Release|iPhone.Build.0 = Release|x86
		{47644A61-F4A0-4FCF-8AD9-37C11E267A51}.Release|iPhone.Deploy.0 = Release|x86
		{47644A61-F4A0-4FCF-8AD9-37C11E267A51}.Release|iPhoneSimulator.ActiveCfg = Release|x86
		{47644A61-F4A0-4FCF-8AD9-37C11E267A51}.Release|iPhoneSimulator.Build.0 = Release|x86
		{47644A61-F4A0-4FCF-8AD9-37C11E267A51}.Release|iPhoneSimulator.Deploy.0 = Release|x86
		{47644A61-F4A0-4FCF-8AD9-37C11E267A51}.Release|x64.ActiveCfg = Release|x64
		{47644A61-F4A0-4FCF-8AD9-37C11E267A51}.Release|x64.Build.0 = Release|x64
		{47644A61-F4A0-4FCF-8AD9-37C11E267A51}.Release|x64.Deploy.0 = Release|x64
		{47644A61-F4A0-4FCF-8AD9-37C11E267A51}.Release|x86.ActiveCfg = Release|x86
		{47644A61-F4A0-4FCF-8AD9-37C11E267A51}.Release|x86.Build.0 = Release|x86
		{47644A61-F4A0-4FCF-8AD9-37C11E267A51}.Release|x86.Deploy.0 = Release|x86
		{7DE2DCC4-3069-4B2B-873D-91DE6EB3B713}.Ad-Hoc|Any CPU.ActiveCfg = Debug|Any CPU
		{7DE2DCC4-3069-4B2B-873D-91DE6EB3B713}.Ad-Hoc|Any CPU.Build.0 = Debug|Any CPU
		{7DE2DCC4-3069-4B2B-873D-91DE6EB3B713}.Ad-Hoc|Any CPU.Deploy.0 = Debug|Any CPU
		{7DE2DCC4-3069-4B2B-873D-91DE6EB3B713}.Ad-Hoc|ARM.ActiveCfg = Debug|Any CPU
		{7DE2DCC4-3069-4B2B-873D-91DE6EB3B713}.Ad-Hoc|ARM.Build.0 = Debug|Any CPU
		{7DE2DCC4-3069-4B2B-873D-91DE6EB3B713}.Ad-Hoc|ARM.Deploy.0 = Debug|Any CPU
		{7DE2DCC4-3069-4B2B-873D-91DE6EB3B713}.Ad-Hoc|iPhone.ActiveCfg = Debug|Any CPU
		{7DE2DCC4-3069-4B2B-873D-91DE6EB3B713}.Ad-Hoc|iPhone.Build.0 = Debug|Any CPU
		{7DE2DCC4-3069-4B2B-873D-91DE6EB3B713}.Ad-Hoc|iPhone.Deploy.0 = Debug|Any CPU
		{7DE2DCC4-3069-4B2B-873D-91DE6EB3B713}.Ad-Hoc|iPhoneSimulator.ActiveCfg = Debug|Any CPU
		{7DE2DCC4-3069-4B2B-873D-91DE6EB3B713}.Ad-Hoc|iPhoneSimulator.Build.0 = Debug|Any CPU
		{7DE2DCC4-3069-4B2B-873D-91DE6EB3B713}.Ad-Hoc|iPhoneSimulator.Deploy.0 = Debug|Any CPU
		{7DE2DCC4-3069-4B2B-873D-91DE6EB3B713}.Ad-Hoc|x64.ActiveCfg = Debug|Any CPU
		{7DE2DCC4-3069-4B2B-873D-91DE6EB3B713}.Ad-Hoc|x64.Build.0 = Debug|Any CPU
		{7DE2DCC4-3069-4B2B-873D-91DE6EB3B713}.Ad-Hoc|x64.Deploy.0 = Debug|Any CPU
		{7DE2DCC4-3069-4B2B-873D-91DE6EB3B713}.Ad-Hoc|x86.ActiveCfg = Debug|Any CPU
		{7DE2DCC4-3069-4B2B-873D-91DE6EB3B713}.Ad-Hoc|x86.Build.0 = Debug|Any CPU
		{7DE2DCC4-3069-4B2B-873D-91DE6EB3B713}.Ad-Hoc|x86.Deploy.0 = Debug|Any CPU
		{7DE2DCC4-3069-4B2B-873D-91DE6EB3B713}.AppStore|Any CPU.ActiveCfg = Debug|Any CPU
		{7DE2DCC4-3069-4B2B-873D-91DE6EB3B713}.AppStore|Any CPU.Build.0 = Debug|Any CPU
		{7DE2DCC4-3069-4B2B-873D-91DE6EB3B713}.AppStore|Any CPU.Deploy.0 = Debug|Any CPU
		{7DE2DCC4-3069-4B2B-873D-91DE6EB3B713}.AppStore|ARM.ActiveCfg = Debug|Any CPU
		{7DE2DCC4-3069-4B2B-873D-91DE6EB3B713}.AppStore|ARM.Build.0 = Debug|Any CPU
		{7DE2DCC4-3069-4B2B-873D-91DE6EB3B713}.AppStore|ARM.Deploy.0 = Debug|Any CPU
		{7DE2DCC4-3069-4B2B-873D-91DE6EB3B713}.AppStore|iPhone.ActiveCfg = Debug|Any CPU
		{7DE2DCC4-3069-4B2B-873D-91DE6EB3B713}.AppStore|iPhone.Build.0 = Debug|Any CPU
		{7DE2DCC4-3069-4B2B-873D-91DE6EB3B713}.AppStore|iPhone.Deploy.0 = Debug|Any CPU
		{7DE2DCC4-3069-4B2B-873D-91DE6EB3B713}.AppStore|iPhoneSimulator.ActiveCfg = Debug|Any CPU
		{7DE2DCC4-3069-4B2B-873D-91DE6EB3B713}.AppStore|iPhoneSimulator.Build.0 = Debug|Any CPU
		{7DE2DCC4-3069-4B2B-873D-91DE6EB3B713}.AppStore|iPhoneSimulator.Deploy.0 = Debug|Any CPU
		{7DE2DCC4-3069-4B2B-873D-91DE6EB3B713}.AppStore|x64.ActiveCfg = Debug|Any CPU
		{7DE2DCC4-3069-4B2B-873D-91DE6EB3B713}.AppStore|x64.Build.0 = Debug|Any CPU
		{7DE2DCC4-3069-4B2B-873D-91DE6EB3B713}.AppStore|x64.Deploy.0 = Debug|Any CPU
		{7DE2DCC4-3069-4B2B-873D-91DE6EB3B713}.AppStore|x86.ActiveCfg = Debug|Any CPU
		{7DE2DCC4-3069-4B2B-873D-91DE6EB3B713}.AppStore|x86.Build.0 = Debug|Any CPU
		{7DE2DCC4-3069-4B2B-873D-91DE6EB3B713}.AppStore|x86.Deploy.0 = Debug|Any CPU
		{7DE2DCC4-3069-4B2B-873D-91DE6EB3B713}.Debug|Any CPU.ActiveCfg = Debug|Any CPU
		{7DE2DCC4-3069-4B2B-873D-91DE6EB3B713}.Debug|Any CPU.Build.0 = Debug|Any CPU
		{7DE2DCC4-3069-4B2B-873D-91DE6EB3B713}.Debug|Any CPU.Deploy.0 = Debug|Any CPU
		{7DE2DCC4-3069-4B2B-873D-91DE6EB3B713}.Debug|ARM.ActiveCfg = Debug|Any CPU
		{7DE2DCC4-3069-4B2B-873D-91DE6EB3B713}.Debug|ARM.Build.0 = Debug|Any CPU
		{7DE2DCC4-3069-4B2B-873D-91DE6EB3B713}.Debug|ARM.Deploy.0 = Debug|Any CPU
		{7DE2DCC4-3069-4B2B-873D-91DE6EB3B713}.Debug|iPhone.ActiveCfg = Debug|Any CPU
		{7DE2DCC4-3069-4B2B-873D-91DE6EB3B713}.Debug|iPhone.Build.0 = Debug|Any CPU
		{7DE2DCC4-3069-4B2B-873D-91DE6EB3B713}.Debug|iPhone.Deploy.0 = Debug|Any CPU
		{7DE2DCC4-3069-4B2B-873D-91DE6EB3B713}.Debug|iPhoneSimulator.ActiveCfg = Debug|Any CPU
		{7DE2DCC4-3069-4B2B-873D-91DE6EB3B713}.Debug|iPhoneSimulator.Build.0 = Debug|Any CPU
		{7DE2DCC4-3069-4B2B-873D-91DE6EB3B713}.Debug|iPhoneSimulator.Deploy.0 = Debug|Any CPU
		{7DE2DCC4-3069-4B2B-873D-91DE6EB3B713}.Debug|x64.ActiveCfg = Debug|Any CPU
		{7DE2DCC4-3069-4B2B-873D-91DE6EB3B713}.Debug|x64.Build.0 = Debug|Any CPU
		{7DE2DCC4-3069-4B2B-873D-91DE6EB3B713}.Debug|x64.Deploy.0 = Debug|Any CPU
		{7DE2DCC4-3069-4B2B-873D-91DE6EB3B713}.Debug|x86.ActiveCfg = Debug|Any CPU
		{7DE2DCC4-3069-4B2B-873D-91DE6EB3B713}.Debug|x86.Build.0 = Debug|Any CPU
		{7DE2DCC4-3069-4B2B-873D-91DE6EB3B713}.Debug|x86.Deploy.0 = Debug|Any CPU
		{7DE2DCC4-3069-4B2B-873D-91DE6EB3B713}.Release|Any CPU.ActiveCfg = Release|Any CPU
		{7DE2DCC4-3069-4B2B-873D-91DE6EB3B713}.Release|Any CPU.Build.0 = Release|Any CPU
		{7DE2DCC4-3069-4B2B-873D-91DE6EB3B713}.Release|Any CPU.Deploy.0 = Release|Any CPU
		{7DE2DCC4-3069-4B2B-873D-91DE6EB3B713}.Release|ARM.ActiveCfg = Release|Any CPU
		{7DE2DCC4-3069-4B2B-873D-91DE6EB3B713}.Release|ARM.Build.0 = Release|Any CPU
		{7DE2DCC4-3069-4B2B-873D-91DE6EB3B713}.Release|ARM.Deploy.0 = Release|Any CPU
		{7DE2DCC4-3069-4B2B-873D-91DE6EB3B713}.Release|iPhone.ActiveCfg = Release|Any CPU
		{7DE2DCC4-3069-4B2B-873D-91DE6EB3B713}.Release|iPhone.Build.0 = Release|Any CPU
		{7DE2DCC4-3069-4B2B-873D-91DE6EB3B713}.Release|iPhone.Deploy.0 = Release|Any CPU
		{7DE2DCC4-3069-4B2B-873D-91DE6EB3B713}.Release|iPhoneSimulator.ActiveCfg = Release|Any CPU
		{7DE2DCC4-3069-4B2B-873D-91DE6EB3B713}.Release|iPhoneSimulator.Build.0 = Release|Any CPU
		{7DE2DCC4-3069-4B2B-873D-91DE6EB3B713}.Release|iPhoneSimulator.Deploy.0 = Release|Any CPU
		{7DE2DCC4-3069-4B2B-873D-91DE6EB3B713}.Release|x64.ActiveCfg = Release|Any CPU
		{7DE2DCC4-3069-4B2B-873D-91DE6EB3B713}.Release|x64.Build.0 = Release|Any CPU
		{7DE2DCC4-3069-4B2B-873D-91DE6EB3B713}.Release|x64.Deploy.0 = Release|Any CPU
		{7DE2DCC4-3069-4B2B-873D-91DE6EB3B713}.Release|x86.ActiveCfg = Release|Any CPU
		{7DE2DCC4-3069-4B2B-873D-91DE6EB3B713}.Release|x86.Build.0 = Release|Any CPU
		{7DE2DCC4-3069-4B2B-873D-91DE6EB3B713}.Release|x86.Deploy.0 = Release|Any CPU
		{0D7187F4-DA84-4F3D-8BC8-6B7CB49E59CF}.Ad-Hoc|Any CPU.ActiveCfg = Debug|Any CPU
		{0D7187F4-DA84-4F3D-8BC8-6B7CB49E59CF}.Ad-Hoc|Any CPU.Build.0 = Debug|Any CPU
		{0D7187F4-DA84-4F3D-8BC8-6B7CB49E59CF}.Ad-Hoc|ARM.ActiveCfg = Debug|Any CPU
		{0D7187F4-DA84-4F3D-8BC8-6B7CB49E59CF}.Ad-Hoc|ARM.Build.0 = Debug|Any CPU
		{0D7187F4-DA84-4F3D-8BC8-6B7CB49E59CF}.Ad-Hoc|iPhone.ActiveCfg = Debug|Any CPU
		{0D7187F4-DA84-4F3D-8BC8-6B7CB49E59CF}.Ad-Hoc|iPhone.Build.0 = Debug|Any CPU
		{0D7187F4-DA84-4F3D-8BC8-6B7CB49E59CF}.Ad-Hoc|iPhoneSimulator.ActiveCfg = Debug|Any CPU
		{0D7187F4-DA84-4F3D-8BC8-6B7CB49E59CF}.Ad-Hoc|iPhoneSimulator.Build.0 = Debug|Any CPU
		{0D7187F4-DA84-4F3D-8BC8-6B7CB49E59CF}.Ad-Hoc|x64.ActiveCfg = Debug|Any CPU
		{0D7187F4-DA84-4F3D-8BC8-6B7CB49E59CF}.Ad-Hoc|x64.Build.0 = Debug|Any CPU
		{0D7187F4-DA84-4F3D-8BC8-6B7CB49E59CF}.Ad-Hoc|x86.ActiveCfg = Debug|Any CPU
		{0D7187F4-DA84-4F3D-8BC8-6B7CB49E59CF}.Ad-Hoc|x86.Build.0 = Debug|Any CPU
		{0D7187F4-DA84-4F3D-8BC8-6B7CB49E59CF}.AppStore|Any CPU.ActiveCfg = Debug|Any CPU
		{0D7187F4-DA84-4F3D-8BC8-6B7CB49E59CF}.AppStore|Any CPU.Build.0 = Debug|Any CPU
		{0D7187F4-DA84-4F3D-8BC8-6B7CB49E59CF}.AppStore|ARM.ActiveCfg = Debug|Any CPU
		{0D7187F4-DA84-4F3D-8BC8-6B7CB49E59CF}.AppStore|ARM.Build.0 = Debug|Any CPU
		{0D7187F4-DA84-4F3D-8BC8-6B7CB49E59CF}.AppStore|iPhone.ActiveCfg = Debug|Any CPU
		{0D7187F4-DA84-4F3D-8BC8-6B7CB49E59CF}.AppStore|iPhone.Build.0 = Debug|Any CPU
		{0D7187F4-DA84-4F3D-8BC8-6B7CB49E59CF}.AppStore|iPhoneSimulator.ActiveCfg = Debug|Any CPU
		{0D7187F4-DA84-4F3D-8BC8-6B7CB49E59CF}.AppStore|iPhoneSimulator.Build.0 = Debug|Any CPU
		{0D7187F4-DA84-4F3D-8BC8-6B7CB49E59CF}.AppStore|x64.ActiveCfg = Debug|Any CPU
		{0D7187F4-DA84-4F3D-8BC8-6B7CB49E59CF}.AppStore|x64.Build.0 = Debug|Any CPU
		{0D7187F4-DA84-4F3D-8BC8-6B7CB49E59CF}.AppStore|x86.ActiveCfg = Debug|Any CPU
		{0D7187F4-DA84-4F3D-8BC8-6B7CB49E59CF}.AppStore|x86.Build.0 = Debug|Any CPU
		{0D7187F4-DA84-4F3D-8BC8-6B7CB49E59CF}.Debug|Any CPU.ActiveCfg = Debug|Any CPU
		{0D7187F4-DA84-4F3D-8BC8-6B7CB49E59CF}.Debug|Any CPU.Build.0 = Debug|Any CPU
		{0D7187F4-DA84-4F3D-8BC8-6B7CB49E59CF}.Debug|ARM.ActiveCfg = Debug|Any CPU
		{0D7187F4-DA84-4F3D-8BC8-6B7CB49E59CF}.Debug|ARM.Build.0 = Debug|Any CPU
		{0D7187F4-DA84-4F3D-8BC8-6B7CB49E59CF}.Debug|iPhone.ActiveCfg = Debug|Any CPU
		{0D7187F4-DA84-4F3D-8BC8-6B7CB49E59CF}.Debug|iPhone.Build.0 = Debug|Any CPU
		{0D7187F4-DA84-4F3D-8BC8-6B7CB49E59CF}.Debug|iPhoneSimulator.ActiveCfg = Debug|Any CPU
		{0D7187F4-DA84-4F3D-8BC8-6B7CB49E59CF}.Debug|iPhoneSimulator.Build.0 = Debug|Any CPU
		{0D7187F4-DA84-4F3D-8BC8-6B7CB49E59CF}.Debug|x64.ActiveCfg = Debug|Any CPU
		{0D7187F4-DA84-4F3D-8BC8-6B7CB49E59CF}.Debug|x64.Build.0 = Debug|Any CPU
		{0D7187F4-DA84-4F3D-8BC8-6B7CB49E59CF}.Debug|x86.ActiveCfg = Debug|Any CPU
		{0D7187F4-DA84-4F3D-8BC8-6B7CB49E59CF}.Debug|x86.Build.0 = Debug|Any CPU
		{0D7187F4-DA84-4F3D-8BC8-6B7CB49E59CF}.Release|Any CPU.ActiveCfg = Release|Any CPU
		{0D7187F4-DA84-4F3D-8BC8-6B7CB49E59CF}.Release|Any CPU.Build.0 = Release|Any CPU
		{0D7187F4-DA84-4F3D-8BC8-6B7CB49E59CF}.Release|ARM.ActiveCfg = Release|Any CPU
		{0D7187F4-DA84-4F3D-8BC8-6B7CB49E59CF}.Release|ARM.Build.0 = Release|Any CPU
		{0D7187F4-DA84-4F3D-8BC8-6B7CB49E59CF}.Release|iPhone.ActiveCfg = Release|Any CPU
		{0D7187F4-DA84-4F3D-8BC8-6B7CB49E59CF}.Release|iPhone.Build.0 = Release|Any CPU
		{0D7187F4-DA84-4F3D-8BC8-6B7CB49E59CF}.Release|iPhoneSimulator.ActiveCfg = Release|Any CPU
		{0D7187F4-DA84-4F3D-8BC8-6B7CB49E59CF}.Release|iPhoneSimulator.Build.0 = Release|Any CPU
		{0D7187F4-DA84-4F3D-8BC8-6B7CB49E59CF}.Release|x64.ActiveCfg = Release|Any CPU
		{0D7187F4-DA84-4F3D-8BC8-6B7CB49E59CF}.Release|x64.Build.0 = Release|Any CPU
		{0D7187F4-DA84-4F3D-8BC8-6B7CB49E59CF}.Release|x86.ActiveCfg = Release|Any CPU
		{0D7187F4-DA84-4F3D-8BC8-6B7CB49E59CF}.Release|x86.Build.0 = Release|Any CPU
		{F623EE3E-7201-4196-AA96-4E5593B1A169}.Ad-Hoc|Any CPU.ActiveCfg = Debug|Any CPU
		{F623EE3E-7201-4196-AA96-4E5593B1A169}.Ad-Hoc|Any CPU.Build.0 = Debug|Any CPU
		{F623EE3E-7201-4196-AA96-4E5593B1A169}.Ad-Hoc|ARM.ActiveCfg = Debug|Any CPU
		{F623EE3E-7201-4196-AA96-4E5593B1A169}.Ad-Hoc|ARM.Build.0 = Debug|Any CPU
		{F623EE3E-7201-4196-AA96-4E5593B1A169}.Ad-Hoc|iPhone.ActiveCfg = Debug|Any CPU
		{F623EE3E-7201-4196-AA96-4E5593B1A169}.Ad-Hoc|iPhone.Build.0 = Debug|Any CPU
		{F623EE3E-7201-4196-AA96-4E5593B1A169}.Ad-Hoc|iPhoneSimulator.ActiveCfg = Debug|Any CPU
		{F623EE3E-7201-4196-AA96-4E5593B1A169}.Ad-Hoc|iPhoneSimulator.Build.0 = Debug|Any CPU
		{F623EE3E-7201-4196-AA96-4E5593B1A169}.Ad-Hoc|x64.ActiveCfg = Debug|Any CPU
		{F623EE3E-7201-4196-AA96-4E5593B1A169}.Ad-Hoc|x64.Build.0 = Debug|Any CPU
		{F623EE3E-7201-4196-AA96-4E5593B1A169}.Ad-Hoc|x86.ActiveCfg = Debug|Any CPU
		{F623EE3E-7201-4196-AA96-4E5593B1A169}.Ad-Hoc|x86.Build.0 = Debug|Any CPU
		{F623EE3E-7201-4196-AA96-4E5593B1A169}.AppStore|Any CPU.ActiveCfg = Debug|Any CPU
		{F623EE3E-7201-4196-AA96-4E5593B1A169}.AppStore|Any CPU.Build.0 = Debug|Any CPU
		{F623EE3E-7201-4196-AA96-4E5593B1A169}.AppStore|ARM.ActiveCfg = Debug|Any CPU
		{F623EE3E-7201-4196-AA96-4E5593B1A169}.AppStore|ARM.Build.0 = Debug|Any CPU
		{F623EE3E-7201-4196-AA96-4E5593B1A169}.AppStore|iPhone.ActiveCfg = Debug|Any CPU
		{F623EE3E-7201-4196-AA96-4E5593B1A169}.AppStore|iPhone.Build.0 = Debug|Any CPU
		{F623EE3E-7201-4196-AA96-4E5593B1A169}.AppStore|iPhoneSimulator.ActiveCfg = Debug|Any CPU
		{F623EE3E-7201-4196-AA96-4E5593B1A169}.AppStore|iPhoneSimulator.Build.0 = Debug|Any CPU
		{F623EE3E-7201-4196-AA96-4E5593B1A169}.AppStore|x64.ActiveCfg = Debug|Any CPU
		{F623EE3E-7201-4196-AA96-4E5593B1A169}.AppStore|x64.Build.0 = Debug|Any CPU
		{F623EE3E-7201-4196-AA96-4E5593B1A169}.AppStore|x86.ActiveCfg = Debug|Any CPU
		{F623EE3E-7201-4196-AA96-4E5593B1A169}.AppStore|x86.Build.0 = Debug|Any CPU
		{F623EE3E-7201-4196-AA96-4E5593B1A169}.Debug|Any CPU.ActiveCfg = Debug|Any CPU
		{F623EE3E-7201-4196-AA96-4E5593B1A169}.Debug|Any CPU.Build.0 = Debug|Any CPU
		{F623EE3E-7201-4196-AA96-4E5593B1A169}.Debug|ARM.ActiveCfg = Debug|Any CPU
		{F623EE3E-7201-4196-AA96-4E5593B1A169}.Debug|ARM.Build.0 = Debug|Any CPU
		{F623EE3E-7201-4196-AA96-4E5593B1A169}.Debug|iPhone.ActiveCfg = Debug|Any CPU
		{F623EE3E-7201-4196-AA96-4E5593B1A169}.Debug|iPhone.Build.0 = Debug|Any CPU
		{F623EE3E-7201-4196-AA96-4E5593B1A169}.Debug|iPhoneSimulator.ActiveCfg = Debug|Any CPU
		{F623EE3E-7201-4196-AA96-4E5593B1A169}.Debug|iPhoneSimulator.Build.0 = Debug|Any CPU
		{F623EE3E-7201-4196-AA96-4E5593B1A169}.Debug|x64.ActiveCfg = Debug|Any CPU
		{F623EE3E-7201-4196-AA96-4E5593B1A169}.Debug|x64.Build.0 = Debug|Any CPU
		{F623EE3E-7201-4196-AA96-4E5593B1A169}.Debug|x86.ActiveCfg = Debug|Any CPU
		{F623EE3E-7201-4196-AA96-4E5593B1A169}.Debug|x86.Build.0 = Debug|Any CPU
		{F623EE3E-7201-4196-AA96-4E5593B1A169}.Release|Any CPU.ActiveCfg = Release|Any CPU
		{F623EE3E-7201-4196-AA96-4E5593B1A169}.Release|Any CPU.Build.0 = Release|Any CPU
		{F623EE3E-7201-4196-AA96-4E5593B1A169}.Release|ARM.ActiveCfg = Release|Any CPU
		{F623EE3E-7201-4196-AA96-4E5593B1A169}.Release|ARM.Build.0 = Release|Any CPU
		{F623EE3E-7201-4196-AA96-4E5593B1A169}.Release|iPhone.ActiveCfg = Release|Any CPU
		{F623EE3E-7201-4196-AA96-4E5593B1A169}.Release|iPhone.Build.0 = Release|Any CPU
		{F623EE3E-7201-4196-AA96-4E5593B1A169}.Release|iPhoneSimulator.ActiveCfg = Release|Any CPU
		{F623EE3E-7201-4196-AA96-4E5593B1A169}.Release|iPhoneSimulator.Build.0 = Release|Any CPU
		{F623EE3E-7201-4196-AA96-4E5593B1A169}.Release|x64.ActiveCfg = Release|Any CPU
		{F623EE3E-7201-4196-AA96-4E5593B1A169}.Release|x64.Build.0 = Release|Any CPU
		{F623EE3E-7201-4196-AA96-4E5593B1A169}.Release|x86.ActiveCfg = Release|Any CPU
		{F623EE3E-7201-4196-AA96-4E5593B1A169}.Release|x86.Build.0 = Release|Any CPU
	EndGlobalSection
	GlobalSection(SolutionProperties) = preSolution
		HideSolutionNode = FALSE
	EndGlobalSection
	GlobalSection(NestedProjects) = preSolution
		{213A125F-70FE-4B5A-9EC6-D1B0B161FA39} = {3E582285-C70F-4750-8612-D8312482F023}
		{485FCEE5-BB9E-4C0C-A317-DAFC7FEFED5B} = {3E582285-C70F-4750-8612-D8312482F023}
		{47644A61-F4A0-4FCF-8AD9-37C11E267A51} = {3E582285-C70F-4750-8612-D8312482F023}
		{7DE2DCC4-3069-4B2B-873D-91DE6EB3B713} = {3E582285-C70F-4750-8612-D8312482F023}
		{3E582285-C70F-4750-8612-D8312482F023} = {5D993312-898D-4819-AC41-B944AAB1B2F6}
		{0D7187F4-DA84-4F3D-8BC8-6B7CB49E59CF} = {F7442FA7-1D91-42E2-A7DA-F09F46E1DC60}
		{F623EE3E-7201-4196-AA96-4E5593B1A169} = {D7D477E8-09F5-4260-B291-6AC970CA4C4A}
	EndGlobalSection
	GlobalSection(ExtensibilityGlobals) = postSolution
		SolutionGuid = {5303B499-D361-44C3-8E27-0AB496DBF931}
	EndGlobalSection
EndGlobal
